
Microsoft Visual Studio Solution File, Format Version 12.00
# Visual Studio 15
VisualStudioVersion = 15.0.28307.271
MinimumVisualStudioVersion = 10.0.40219.1
Project("{8BC9CEB8-8B4A-11D0-8D11-00A0C91BC942}") = "Lab1", "Lab1.vcxproj", "{1E7827F1-FB75-42E5-BE75-F9A9ED51801D}"
EndProject
Global
	GlobalSection(SolutionConfigurationPlatforms) = preSolution
		Debug|x64 = Debug|x64
		Debug|x86 = Debug|x86
		Release|x64 = Release|x64
		Release|x86 = Release|x86
	EndGlobalSection
	GlobalSection(ProjectConfigurationPlatforms) = postSolution
		{1E7827F1-FB75-42E5-BE75-F9A9ED51801D}.Debug|x64.ActiveCfg = Debug|x64
		{1E7827F1-FB75-42E5-BE75-F9A9ED51801D}.Debug|x64.Build.0 = Debug|x64
		{1E7827F1-FB75-42E5-BE75-F9A9ED51801D}.Debug|x86.ActiveCfg = Debug|Win32
		{1E7827F1-FB75-42E5-BE75-F9A9ED51801D}.Debug|x86.Build.0 = Debug|Win32
		{1E7827F1-FB75-42E5-BE75-F9A9ED51801D}.Release|x64.ActiveCfg = Release|x64
		{1E7827F1-FB75-42E5-BE75-F9A9ED51801D}.Release|x64.Build.0 = Release|x64
		{1E7827F1-FB75-42E5-BE75-F9A9ED51801D}.Release|x86.ActiveCfg = Release|Win32
		{1E7827F1-FB75-42E5-BE75-F9A9ED51801D}.Release|x86.Build.0 = Release|Win32
	EndGlobalSection
	GlobalSection(SolutionProperties) = preSolution
		HideSolutionNode = FALSE
	EndGlobalSection
	GlobalSection(ExtensibilityGlobals) = postSolution
		SolutionGuid = {A4759B34-F527-4CAF-8D89-2A12EAFA0F40}
	EndGlobalSection
EndGlobal
